
Microsoft Visual Studio Solution File, Format Version 12.00
# Visual Studio Version 16
VisualStudioVersion = 16.0.31112.23
MinimumVisualStudioVersion = 10.0.40219.1
Project("{2150E333-8FDC-42A3-9474-1A3956D46DE8}") = "src", "src", "{0AF7A298-8D02-4C27-AD00-08AF967A01ED}"
EndProject
Project("{2150E333-8FDC-42A3-9474-1A3956D46DE8}") = "tests", "tests", "{89E075C9-2CA1-4388-9059-73AED216FE3B}"
EndProject
Project("{9A19103F-16F7-4668-BE54-9A1E7A4F7556}") = "Catalog.Application", "Catalog\Application\Catalog.Application.csproj", "{CFD40E6D-3D35-460F-A6BF-E6D49FFAFBFD}"
EndProject
Project("{9A19103F-16F7-4668-BE54-9A1E7A4F7556}") = "Catalog.Domain", "Catalog\Domain\Catalog.Domain.csproj", "{0AC26F93-9F96-4685-8FE3-D95743412E61}"
EndProject
Project("{9A19103F-16F7-4668-BE54-9A1E7A4F7556}") = "Catalog.Infrastructure", "Catalog\Infrastructure\Catalog.Infrastructure.csproj", "{91A1EE7F-F9E7-4A7A-9D0E-EB312B9C7A3B}"
EndProject
Project("{2150E333-8FDC-42A3-9474-1A3956D46DE8}") = "01.Presentation", "01.Presentation", "{B8DF6F88-0A8F-4A4D-BD85-737371EF16AC}"
EndProject
Project("{2150E333-8FDC-42A3-9474-1A3956D46DE8}") = "02.Application", "02.Application", "{6DFA1934-BECE-4C16-B649-302F4E9713E3}"
EndProject
Project("{2150E333-8FDC-42A3-9474-1A3956D46DE8}") = "03.Domain", "03.Domain", "{D2AEC1AB-8C9F-4980-90CA-79F7A2787107}"
EndProject
Project("{2150E333-8FDC-42A3-9474-1A3956D46DE8}") = "04.Infrastructure", "04.Infrastructure", "{96EB94CE-2FA5-4DE0-9524-442772C21D35}"
EndProject
Project("{9A19103F-16F7-4668-BE54-9A1E7A4F7556}") = "Catalog.WebUI", "Catalog\WebUI\Catalog.WebUI.csproj", "{6CFC5F40-D9F6-4149-A7B5-BA16E73E6701}"
EndProject
Project("{9A19103F-16F7-4668-BE54-9A1E7A4F7556}") = "Catalog.Common", "Catalog\Common\Catalog.Common.csproj", "{70A41430-BE57-4574-8292-5D896E1866AE}"
EndProject
Project("{9A19103F-16F7-4668-BE54-9A1E7A4F7556}") = "Catalog.Infrastructure.Tests", "Catalog\Infrastructure.Tests\Catalog.Infrastructure.Tests.csproj", "{D63E364F-2E38-4E3E-9C88-CDB669AE9EA9}"
EndProject
Project("{9A19103F-16F7-4668-BE54-9A1E7A4F7556}") = "Catalog.Application.Tests", "Catalog\Application.Tests\Catalog.Application.Tests.csproj", "{D211EFA6-3B11-484F-A5B9-EC10281DA470}"
EndProject
Project("{2150E333-8FDC-42A3-9474-1A3956D46DE8}") = "01.Identity", "01.Identity", "{6E611588-788E-4CED-8BBA-2777A284C7CF}"
EndProject
Project("{2150E333-8FDC-42A3-9474-1A3956D46DE8}") = "02.Catalog", "02.Catalog", "{BF20CE4D-CB30-40B8-A895-2EDB61D74A29}"
EndProject
Project("{2150E333-8FDC-42A3-9474-1A3956D46DE8}") = "02.Catalog", "02.Catalog", "{F64C1A64-5911-4D7C-BC51-12691670F3A4}"
EndProject
Project("{2150E333-8FDC-42A3-9474-1A3956D46DE8}") = "05.Common", "05.Common", "{8A5CC802-DB90-48C3-AED3-2DA14BD84CBA}"
EndProject
Project("{2150E333-8FDC-42A3-9474-1A3956D46DE8}") = "01.Presentation", "01.Presentation", "{C65D0C89-002A-40AD-BB40-FBE55D38CF39}"
EndProject
Project("{2150E333-8FDC-42A3-9474-1A3956D46DE8}") = "02.Application", "02.Application", "{8B541BEC-6B8F-4584-AA5A-729778F47061}"
EndProject
Project("{2150E333-8FDC-42A3-9474-1A3956D46DE8}") = "03.Domain", "03.Domain", "{8DABB743-5ACD-4983-8863-5217FEB6D617}"
EndProject
Project("{2150E333-8FDC-42A3-9474-1A3956D46DE8}") = "04.Infrastructure", "04.Infrastructure", "{D63CE649-E5E4-4302-BE7D-812D26B26AF3}"
EndProject
Project("{FAE04EC0-301F-11D3-BF4B-00C04F79EFBC}") = "Identity.WebUI", "Identity\Identity.WebUI\Identity.WebUI.csproj", "{B83ACF5C-7EB7-453D-9FEB-243D70C20BD6}"
EndProject
Project("{FAE04EC0-301F-11D3-BF4B-00C04F79EFBC}") = "Identity.Application", "Identity\Identity.Application\Identity.Application.csproj", "{CC934DF0-B0C7-45F5-BAE1-837D880C0381}"
EndProject
Project("{FAE04EC0-301F-11D3-BF4B-00C04F79EFBC}") = "Identity.Domain", "Identity\Identity.Domain\Identity.Domain.csproj", "{EEEBE4FF-3EF9-42BE-8497-9EA1909AFC10}"
EndProject
Project("{FAE04EC0-301F-11D3-BF4B-00C04F79EFBC}") = "Identity.Infrastructure", "Identity\Identity.Infrastructure\Identity.Infrastructure.csproj", "{837F52EE-DD80-4D7B-93EF-168EE5C75859}"
EndProject
Global
	GlobalSection(SolutionConfigurationPlatforms) = preSolution
		Debug|Any CPU = Debug|Any CPU
		Release|Any CPU = Release|Any CPU
	EndGlobalSection
	GlobalSection(ProjectConfigurationPlatforms) = postSolution
		{CFD40E6D-3D35-460F-A6BF-E6D49FFAFBFD}.Debug|Any CPU.ActiveCfg = Debug|Any CPU
		{CFD40E6D-3D35-460F-A6BF-E6D49FFAFBFD}.Debug|Any CPU.Build.0 = Debug|Any CPU
		{CFD40E6D-3D35-460F-A6BF-E6D49FFAFBFD}.Release|Any CPU.ActiveCfg = Release|Any CPU
		{CFD40E6D-3D35-460F-A6BF-E6D49FFAFBFD}.Release|Any CPU.Build.0 = Release|Any CPU
		{0AC26F93-9F96-4685-8FE3-D95743412E61}.Debug|Any CPU.ActiveCfg = Debug|Any CPU
		{0AC26F93-9F96-4685-8FE3-D95743412E61}.Debug|Any CPU.Build.0 = Debug|Any CPU
		{0AC26F93-9F96-4685-8FE3-D95743412E61}.Release|Any CPU.ActiveCfg = Release|Any CPU
		{0AC26F93-9F96-4685-8FE3-D95743412E61}.Release|Any CPU.Build.0 = Release|Any CPU
		{91A1EE7F-F9E7-4A7A-9D0E-EB312B9C7A3B}.Debug|Any CPU.ActiveCfg = Debug|Any CPU
		{91A1EE7F-F9E7-4A7A-9D0E-EB312B9C7A3B}.Debug|Any CPU.Build.0 = Debug|Any CPU
		{91A1EE7F-F9E7-4A7A-9D0E-EB312B9C7A3B}.Release|Any CPU.ActiveCfg = Release|Any CPU
		{91A1EE7F-F9E7-4A7A-9D0E-EB312B9C7A3B}.Release|Any CPU.Build.0 = Release|Any CPU
		{6CFC5F40-D9F6-4149-A7B5-BA16E73E6701}.Debug|Any CPU.ActiveCfg = Debug|Any CPU
		{6CFC5F40-D9F6-4149-A7B5-BA16E73E6701}.Debug|Any CPU.Build.0 = Debug|Any CPU
		{6CFC5F40-D9F6-4149-A7B5-BA16E73E6701}.Release|Any CPU.ActiveCfg = Release|Any CPU
		{6CFC5F40-D9F6-4149-A7B5-BA16E73E6701}.Release|Any CPU.Build.0 = Release|Any CPU
		{70A41430-BE57-4574-8292-5D896E1866AE}.Debug|Any CPU.ActiveCfg = Debug|Any CPU
		{70A41430-BE57-4574-8292-5D896E1866AE}.Debug|Any CPU.Build.0 = Debug|Any CPU
		{70A41430-BE57-4574-8292-5D896E1866AE}.Release|Any CPU.ActiveCfg = Release|Any CPU
		{70A41430-BE57-4574-8292-5D896E1866AE}.Release|Any CPU.Build.0 = Release|Any CPU
		{D63E364F-2E38-4E3E-9C88-CDB669AE9EA9}.Debug|Any CPU.ActiveCfg = Debug|Any CPU
		{D63E364F-2E38-4E3E-9C88-CDB669AE9EA9}.Debug|Any CPU.Build.0 = Debug|Any CPU
		{D63E364F-2E38-4E3E-9C88-CDB669AE9EA9}.Release|Any CPU.ActiveCfg = Release|Any CPU
		{D63E364F-2E38-4E3E-9C88-CDB669AE9EA9}.Release|Any CPU.Build.0 = Release|Any CPU
		{D211EFA6-3B11-484F-A5B9-EC10281DA470}.Debug|Any CPU.ActiveCfg = Debug|Any CPU
		{D211EFA6-3B11-484F-A5B9-EC10281DA470}.Debug|Any CPU.Build.0 = Debug|Any CPU
		{D211EFA6-3B11-484F-A5B9-EC10281DA470}.Release|Any CPU.ActiveCfg = Release|Any CPU
		{D211EFA6-3B11-484F-A5B9-EC10281DA470}.Release|Any CPU.Build.0 = Release|Any CPU
		{B83ACF5C-7EB7-453D-9FEB-243D70C20BD6}.Debug|Any CPU.ActiveCfg = Debug|Any CPU
		{B83ACF5C-7EB7-453D-9FEB-243D70C20BD6}.Debug|Any CPU.Build.0 = Debug|Any CPU
		{B83ACF5C-7EB7-453D-9FEB-243D70C20BD6}.Release|Any CPU.ActiveCfg = Release|Any CPU
		{B83ACF5C-7EB7-453D-9FEB-243D70C20BD6}.Release|Any CPU.Build.0 = Release|Any CPU
		{CC934DF0-B0C7-45F5-BAE1-837D880C0381}.Debug|Any CPU.ActiveCfg = Debug|Any CPU
		{CC934DF0-B0C7-45F5-BAE1-837D880C0381}.Debug|Any CPU.Build.0 = Debug|Any CPU
		{CC934DF0-B0C7-45F5-BAE1-837D880C0381}.Release|Any CPU.ActiveCfg = Release|Any CPU
		{CC934DF0-B0C7-45F5-BAE1-837D880C0381}.Release|Any CPU.Build.0 = Release|Any CPU
		{EEEBE4FF-3EF9-42BE-8497-9EA1909AFC10}.Debug|Any CPU.ActiveCfg = Debug|Any CPU
		{EEEBE4FF-3EF9-42BE-8497-9EA1909AFC10}.Debug|Any CPU.Build.0 = Debug|Any CPU
		{EEEBE4FF-3EF9-42BE-8497-9EA1909AFC10}.Release|Any CPU.ActiveCfg = Release|Any CPU
		{EEEBE4FF-3EF9-42BE-8497-9EA1909AFC10}.Release|Any CPU.Build.0 = Release|Any CPU
		{837F52EE-DD80-4D7B-93EF-168EE5C75859}.Debug|Any CPU.ActiveCfg = Debug|Any CPU
		{837F52EE-DD80-4D7B-93EF-168EE5C75859}.Debug|Any CPU.Build.0 = Debug|Any CPU
		{837F52EE-DD80-4D7B-93EF-168EE5C75859}.Release|Any CPU.ActiveCfg = Release|Any CPU
		{837F52EE-DD80-4D7B-93EF-168EE5C75859}.Release|Any CPU.Build.0 = Release|Any CPU
	EndGlobalSection
	GlobalSection(SolutionProperties) = preSolution
		HideSolutionNode = FALSE
	EndGlobalSection
	GlobalSection(NestedProjects) = preSolution
		{CFD40E6D-3D35-460F-A6BF-E6D49FFAFBFD} = {6DFA1934-BECE-4C16-B649-302F4E9713E3}
		{0AC26F93-9F96-4685-8FE3-D95743412E61} = {D2AEC1AB-8C9F-4980-90CA-79F7A2787107}
		{91A1EE7F-F9E7-4A7A-9D0E-EB312B9C7A3B} = {96EB94CE-2FA5-4DE0-9524-442772C21D35}
		{B8DF6F88-0A8F-4A4D-BD85-737371EF16AC} = {BF20CE4D-CB30-40B8-A895-2EDB61D74A29}
		{6DFA1934-BECE-4C16-B649-302F4E9713E3} = {BF20CE4D-CB30-40B8-A895-2EDB61D74A29}
		{D2AEC1AB-8C9F-4980-90CA-79F7A2787107} = {BF20CE4D-CB30-40B8-A895-2EDB61D74A29}
		{96EB94CE-2FA5-4DE0-9524-442772C21D35} = {BF20CE4D-CB30-40B8-A895-2EDB61D74A29}
		{6CFC5F40-D9F6-4149-A7B5-BA16E73E6701} = {B8DF6F88-0A8F-4A4D-BD85-737371EF16AC}
		{70A41430-BE57-4574-8292-5D896E1866AE} = {8A5CC802-DB90-48C3-AED3-2DA14BD84CBA}
		{D63E364F-2E38-4E3E-9C88-CDB669AE9EA9} = {F64C1A64-5911-4D7C-BC51-12691670F3A4}
		{D211EFA6-3B11-484F-A5B9-EC10281DA470} = {F64C1A64-5911-4D7C-BC51-12691670F3A4}
		{6E611588-788E-4CED-8BBA-2777A284C7CF} = {0AF7A298-8D02-4C27-AD00-08AF967A01ED}
		{BF20CE4D-CB30-40B8-A895-2EDB61D74A29} = {0AF7A298-8D02-4C27-AD00-08AF967A01ED}
		{F64C1A64-5911-4D7C-BC51-12691670F3A4} = {89E075C9-2CA1-4388-9059-73AED216FE3B}
		{8A5CC802-DB90-48C3-AED3-2DA14BD84CBA} = {BF20CE4D-CB30-40B8-A895-2EDB61D74A29}
		{C65D0C89-002A-40AD-BB40-FBE55D38CF39} = {6E611588-788E-4CED-8BBA-2777A284C7CF}
		{8B541BEC-6B8F-4584-AA5A-729778F47061} = {6E611588-788E-4CED-8BBA-2777A284C7CF}
		{8DABB743-5ACD-4983-8863-5217FEB6D617} = {6E611588-788E-4CED-8BBA-2777A284C7CF}
		{D63CE649-E5E4-4302-BE7D-812D26B26AF3} = {6E611588-788E-4CED-8BBA-2777A284C7CF}
		{B83ACF5C-7EB7-453D-9FEB-243D70C20BD6} = {C65D0C89-002A-40AD-BB40-FBE55D38CF39}
		{CC934DF0-B0C7-45F5-BAE1-837D880C0381} = {8B541BEC-6B8F-4584-AA5A-729778F47061}
		{EEEBE4FF-3EF9-42BE-8497-9EA1909AFC10} = {8DABB743-5ACD-4983-8863-5217FEB6D617}
		{837F52EE-DD80-4D7B-93EF-168EE5C75859} = {D63CE649-E5E4-4302-BE7D-812D26B26AF3}
	EndGlobalSection
	GlobalSection(ExtensibilityGlobals) = postSolution
		SolutionGuid = {659520C3-B228-4A73-9650-53EC5F3EC6C7}
	EndGlobalSection
EndGlobal
